
Microsoft Visual Studio Solution File, Format Version 12.00
# Visual Studio Version 16
VisualStudioVersion = 16.0.29509.3
MinimumVisualStudioVersion = 10.0.40219.1
Project("{FAE04EC0-301F-11D3-BF4B-00C04F79EFBC}") = "OOP - Vendingmachine", "OOP - Vendingmachine\OOP - Vendingmachine.csproj", "{FE46FAB4-EB41-4BC5-BD40-6A67D694DAA0}"
EndProject
Global
	GlobalSection(SolutionConfigurationPlatforms) = preSolution
		Debug|Any CPU = Debug|Any CPU
		Release|Any CPU = Release|Any CPU
	EndGlobalSection
	GlobalSection(ProjectConfigurationPlatforms) = postSolution
		{FE46FAB4-EB41-4BC5-BD40-6A67D694DAA0}.Debug|Any CPU.ActiveCfg = Debug|Any CPU
		{FE46FAB4-EB41-4BC5-BD40-6A67D694DAA0}.Debug|Any CPU.Build.0 = Debug|Any CPU
		{FE46FAB4-EB41-4BC5-BD40-6A67D694DAA0}.Release|Any CPU.ActiveCfg = Release|Any CPU
		{FE46FAB4-EB41-4BC5-BD40-6A67D694DAA0}.Release|Any CPU.Build.0 = Release|Any CPU
	EndGlobalSection
	GlobalSection(SolutionProperties) = preSolution
		HideSolutionNode = FALSE
	EndGlobalSection
	GlobalSection(ExtensibilityGlobals) = postSolution
		SolutionGuid = {11C65365-24C0-4A6D-878A-8C8B791C971E}
	EndGlobalSection
EndGlobal
